PODS:
  - Hall (0.1.0):
    - Mediator
    - Mediator-Triviality
    - SnapKit
    - XMKit
  - Mediator (0.1.0)
  - Mediator-Hall (0.1.0):
    - Mediator
  - Mediator-Triviality (0.1.0):
    - Mediator
  - SnapKit (5.7.1)
  - Triviality (0.1.0):
    - SnapKit
    - XMKit
  - XMKit (0.1.7)

DEPENDENCIES:
  - Hall (from `./Modules/Hall/`)
  - Mediator (from `./Frameworks/Mediator/`)
  - Mediator-Hall (from `./Modules/Mediator-Hall/`)
  - Mediator-Triviality (from `./Modules/Mediator-Triviality/`)
  - SnapKit
  - Triviality (from `./Modules/Triviality/`)
  - XMKit

SPEC REPOS:
  https://github.com/CocoaPods/Specs.git:
    - SnapKit
  https://github.com/yuximin/Specs.git:
    - XMKit

EXTERNAL SOURCES:
  Hall:
    :path: "./Modules/Hall/"
  Mediator:
    :path: "./Frameworks/Mediator/"
  Mediator-Hall:
    :path: "./Modules/Mediator-Hall/"
  Mediator-Triviality:
    :path: "./Modules/Mediator-Triviality/"
  Triviality:
    :path: "./Modules/Triviality/"

SPEC CHECKSUMS:
  Hall: 59f5f4faf2312d99cbd9d7b81167500f065cf1ba
  Mediator: f8df91015aaf7521b72954fc0d07cbdf738aa7e3
  Mediator-Hall: b1afa62aef2493c49a3db8312b550c51f3c43d02
  Mediator-Triviality: bb6ab3ecb3094cd19a717474fefe5ad497f2b67e
  SnapKit: d612e99e678a2d3b95bf60b0705ed0a35c03484a
  Triviality: 526dc439f2b87363a1fb515c0db0dc9a9fa0d8b4
  XMKit: 45a7ed224bf4e4ed128318ced48764f5622f9f13

PODFILE CHECKSUM: 02d96b761c132a6e90ac5d8d43b623f266fec7a2

COCOAPODS: 1.15.2
